
Microsoft Visual Studio Solution File, Format Version 12.00
# Visual Studio Version 17
VisualStudioVersion = 17.14.36603.0 d17.14
MinimumVisualStudioVersion = 10.0.40219.1
Project("{FAE04EC0-301F-11D3-BF4B-00C04F79EFBC}") = "winbtcleaner.core", "winbtcleaner.core\winbtcleaner.core.csproj", "{C7BC1B76-BC46-44A1-8BFF-BA02742439D4}"
EndProject
Global
	GlobalSection(SolutionConfigurationPlatforms) = preSolution
		Debug|Any CPU = Debug|Any CPU
		Release|Any CPU = Release|Any CPU
	EndGlobalSection
	GlobalSection(ProjectConfigurationPlatforms) = postSolution
		{C7BC1B76-BC46-44A1-8BFF-BA02742439D4}.Debug|Any CPU.ActiveCfg = Debug|Any CPU
		{C7BC1B76-BC46-44A1-8BFF-BA02742439D4}.Debug|Any CPU.Build.0 = Debug|Any CPU
		{C7BC1B76-BC46-44A1-8BFF-BA02742439D4}.Release|Any CPU.ActiveCfg = Release|Any CPU
		{C7BC1B76-BC46-44A1-8BFF-BA02742439D4}.Release|Any CPU.Build.0 = Release|Any CPU
	EndGlobalSection
	GlobalSection(SolutionProperties) = preSolution
		HideSolutionNode = FALSE
	EndGlobalSection
	GlobalSection(ExtensibilityGlobals) = postSolution
		SolutionGuid = {1721071C-FF90-4076-A076-B3484395C7D7}
	EndGlobalSection
EndGlobal
